
Microsoft Visual Studio Solution File, Format Version 12.00
# Visual Studio Version 16
VisualStudioVersion = 16.0.29905.134
MinimumVisualStudioVersion = 10.0.40219.1
Project("{8BC9CEB8-8B4A-11D0-8D11-00A0C91BC942}") = "dualpal", "dualpal.vcxproj", "{6FE2113D-55CE-4174-885F-A6B988CBA3B1}"
EndProject
Global
	GlobalSection(SolutionConfigurationPlatforms) = preSolution
		Debug|x64 = Debug|x64
		Debug|x86 = Debug|x86
		Release|x64 = Release|x64
		Release|x86 = Release|x86
	EndGlobalSection
	GlobalSection(ProjectConfigurationPlatforms) = postSolution
		{6FE2113D-55CE-4174-885F-A6B988CBA3B1}.Debug|x64.ActiveCfg = Debug|x64
		{6FE2113D-55CE-4174-885F-A6B988CBA3B1}.Debug|x64.Build.0 = Debug|x64
		{6FE2113D-55CE-4174-885F-A6B988CBA3B1}.Debug|x86.ActiveCfg = Debug|Win32
		{6FE2113D-55CE-4174-885F-A6B988CBA3B1}.Debug|x86.Build.0 = Debug|Win32
		{6FE2113D-55CE-4174-885F-A6B988CBA3B1}.Release|x64.ActiveCfg = Release|x64
		{6FE2113D-55CE-4174-885F-A6B988CBA3B1}.Release|x64.Build.0 = Release|x64
		{6FE2113D-55CE-4174-885F-A6B988CBA3B1}.Release|x86.ActiveCfg = Release|Win32
		{6FE2113D-55CE-4174-885F-A6B988CBA3B1}.Release|x86.Build.0 = Release|Win32
	EndGlobalSection
	GlobalSection(SolutionProperties) = preSolution
		HideSolutionNode = FALSE
	EndGlobalSection
	GlobalSection(ExtensibilityGlobals) = postSolution
		SolutionGuid = {A2362441-4BB3-43E8-8A7D-B1DBA823543E}
	EndGlobalSection
EndGlobal
