
Microsoft Visual Studio Solution File, Format Version 12.00
# Visual Studio Version 16
VisualStudioVersion = 16.0.29905.134
MinimumVisualStudioVersion = 10.0.40219.1
Project("{8BC9CEB8-8B4A-11D0-8D11-00A0C91BC942}") = "frac1", "frac1.vcxproj", "{BC11077A-6E24-400E-ABCD-3EE20D943671}"
EndProject
Global
	GlobalSection(SolutionConfigurationPlatforms) = preSolution
		Debug|x64 = Debug|x64
		Debug|x86 = Debug|x86
		Release|x64 = Release|x64
		Release|x86 = Release|x86
	EndGlobalSection
	GlobalSection(ProjectConfigurationPlatforms) = postSolution
		{BC11077A-6E24-400E-ABCD-3EE20D943671}.Debug|x64.ActiveCfg = Debug|x64
		{BC11077A-6E24-400E-ABCD-3EE20D943671}.Debug|x64.Build.0 = Debug|x64
		{BC11077A-6E24-400E-ABCD-3EE20D943671}.Debug|x86.ActiveCfg = Debug|Win32
		{BC11077A-6E24-400E-ABCD-3EE20D943671}.Debug|x86.Build.0 = Debug|Win32
		{BC11077A-6E24-400E-ABCD-3EE20D943671}.Release|x64.ActiveCfg = Release|x64
		{BC11077A-6E24-400E-ABCD-3EE20D943671}.Release|x64.Build.0 = Release|x64
		{BC11077A-6E24-400E-ABCD-3EE20D943671}.Release|x86.ActiveCfg = Release|Win32
		{BC11077A-6E24-400E-ABCD-3EE20D943671}.Release|x86.Build.0 = Release|Win32
	EndGlobalSection
	GlobalSection(SolutionProperties) = preSolution
		HideSolutionNode = FALSE
	EndGlobalSection
	GlobalSection(ExtensibilityGlobals) = postSolution
		SolutionGuid = {8DBDABD7-BD94-437B-A375-786B6076E8E1}
	EndGlobalSection
EndGlobal
